
Terraform used the selected providers to generate the following execution
plan. Resource actions are indicated with the following symbols:
  + create

Terraform will perform the following actions:

  # scaleway_domain_record.dns will be created
  + resource "scaleway_domain_record" "dns" {
      + data       = (known after apply)
      + dns_zone   = "polytech-dijon.kiowy.net"
      + fqdn       = (known after apply)
      + id         = (known after apply)
      + name       = "calculatrice-dev-binome1-binome2"
      + priority   = (known after apply)
      + project_id = (known after apply)
      + root_zone  = (known after apply)
      + ttl        = 3600
      + type       = "A"
    }

  # scaleway_k8s_cluster.main will be created
  + resource "scaleway_k8s_cluster" "main" {
      + apiserver_url               = (known after apply)
      + cni                         = "cilium"
      + created_at                  = (known after apply)
      + delete_additional_resources = false
      + id                          = (known after apply)
      + kubeconfig                  = (sensitive value)
      + name                        = "cluster-binome1-binome2"
      + organization_id             = (known after apply)
      + pod_cidr                    = (known after apply)
      + project_id                  = (known after apply)
      + service_cidr                = (known after apply)
      + service_dns_ip              = (known after apply)
      + status                      = (known after apply)
      + type                        = (known after apply)
      + updated_at                  = (known after apply)
      + upgrade_available           = (known after apply)
      + version                     = "1.28.2"
      + wildcard_dns                = (known after apply)
    }

  # scaleway_k8s_pool.main will be created
  + resource "scaleway_k8s_pool" "main" {
      + autohealing            = false
      + autoscaling            = false
      + cluster_id             = (known after apply)
      + container_runtime      = "containerd"
      + created_at             = (known after apply)
      + current_size           = (known after apply)
      + id                     = (known after apply)
      + max_size               = (known after apply)
      + min_size               = 1
      + name                   = "pool-binome1-binome2"
      + node_type              = "DEV1-M"
      + nodes                  = (known after apply)
      + public_ip_disabled     = false
      + root_volume_size_in_gb = (known after apply)
      + root_volume_type       = (known after apply)
      + security_group_id      = (known after apply)
      + size                   = 3
      + status                 = (known after apply)
      + updated_at             = (known after apply)
      + version                = (known after apply)
      + wait_for_pool_ready    = true
    }

  # scaleway_lb.base will be created
  + resource "scaleway_lb" "base" {
      + external_private_networks = false
      + id                        = (known after apply)
      + ip_address                = (known after apply)
      + ip_id                     = (known after apply)
      + ip_ids                    = (known after apply)
      + ipv6_address              = (known after apply)
      + name                      = "lb-dev-binome1-binome2"
      + organization_id           = (known after apply)
      + private_ips               = (known after apply)
      + project_id                = (known after apply)
      + region                    = (known after apply)
      + ssl_compatibility_level   = "ssl_compatibility_level_intermediate"
      + type                      = "LB-S"
    }

  # scaleway_rdb_instance.database will be created
  + resource "scaleway_rdb_instance" "database" {
      + backup_same_region        = (known after apply)
      + backup_schedule_frequency = (known after apply)
      + backup_schedule_retention = (known after apply)
      + certificate               = (known after apply)
      + disable_backup            = true
      + endpoint_ip               = (known after apply)
      + endpoint_port             = (known after apply)
      + engine                    = "PostgreSQL-15"
      + id                        = (known after apply)
      + is_ha_cluster             = false
      + name                      = "db-dev-binome1-binome2"
      + node_type                 = "DB-DEV-S"
      + organization_id           = (known after apply)
      + project_id                = (known after apply)
      + read_replicas             = (known after apply)
      + settings                  = (known after apply)
      + upgradable_versions       = (known after apply)
      + user_name                 = (known after apply)
      + volume_size_in_gb         = (known after apply)
      + volume_type               = "lssd"
    }

  # scaleway_registry_namespace.main will be created
  + resource "scaleway_registry_namespace" "main" {
      + description     = "Container registry for the cloud native calculator"
      + endpoint        = (known after apply)
      + id              = (known after apply)
      + is_public       = false
      + name            = "registry-binome1-binome2"
      + organization_id = (known after apply)
      + project_id      = (known after apply)
    }

Plan: 6 to add, 0 to change, 0 to destroy.

─────────────────────────────────────────────────────────────────────────────

Note: You didn't use the -out option to save this plan, so Terraform can't
guarantee to take exactly these actions if you run "terraform apply" now.
